
Microsoft Visual Studio Solution File, Format Version 12.00
# Visual Studio Version 17
VisualStudioVersion = 17.2.32526.322
MinimumVisualStudioVersion = 10.0.40219.1
Project("{9A19103F-16F7-4668-BE54-9A1E7A4F7556}") = "WebTrade", "WebTrade.csproj", "{41F565C0-4FE4-4E5C-B802-ECDB96665635}"
EndProject
Global
	GlobalSection(SolutionConfigurationPlatforms) = preSolution
		Debug|Any CPU = Debug|Any CPU
		Release|Any CPU = Release|Any CPU
	EndGlobalSection
	GlobalSection(ProjectConfigurationPlatforms) = postSolution
		{41F565C0-4FE4-4E5C-B802-ECDB96665635}.Debug|Any CPU.ActiveCfg = Debug|Any CPU
		{41F565C0-4FE4-4E5C-B802-ECDB96665635}.Debug|Any CPU.Build.0 = Debug|Any CPU
		{41F565C0-4FE4-4E5C-B802-ECDB96665635}.Release|Any CPU.ActiveCfg = Release|Any CPU
		{41F565C0-4FE4-4E5C-B802-ECDB96665635}.Release|Any CPU.Build.0 = Release|Any CPU
	EndGlobalSection
	GlobalSection(SolutionProperties) = preSolution
		HideSolutionNode = FALSE
	EndGlobalSection
	GlobalSection(ExtensibilityGlobals) = postSolution
		SolutionGuid = {FDC3B9D1-E6D1-4AA6-9A1D-7BE0A07EF41E}
	EndGlobalSection
EndGlobal
